{
  "name": "cross-platform-publish-review",
  "version": "0.1.0",
  "lockfileVersion": 3,
  "requires": true,
  "packages": {
    "": {
      "name": "cross-platform-publish-review",
      "version": "0.1.0",
      "workspaces": [
        "packages/protocol",
        "browser-extension"
      ],
      "engines": {
        "node": ">=20"
      }
    },
    "browser-extension": {
      "name": "@publish-review/browser-extension",
      "version": "0.1.1",
      "devDependencies": {
        "typescript": "^5.4.0"
      }
    },
    "node_modules/@publish-review/browser-extension": {
      "resolved": "browser-extension",
      "link": true
    },
    "node_modules/@publish-review/protocol": {
      "resolved": "packages/protocol",
      "link": true
    },
    "node_modules/typescript": {
      "version": "5.9.3",
      "resolved": "https://registry.npmjs.org/typescript/-/typescript-5.9.3.tgz",
      "integrity": "sha512-jl1vZzPDinLr9eUt3J/t7V6FgNEw9QjvBPdysz9KfQDD41fQrC2Y4vKQdiaUpFT4bXlb1RHhLpp8wtm6M5TgSw==",
      "dev": true,
      "license": "Apache-2.0",
      "bin": {
        "tsc": "bin/tsc",
        "tsserver": "bin/tsserver"
      },
      "engines": {
        "node": ">=14.17"
      }
    },
    "packages/protocol": {
      "name": "@publish-review/protocol",
      "version": "0.1.0",
      "devDependencies": {
        "typescript": "^5.4.0"
      }
    }
  }
}
